schema: '2.0'
stages:
  data_ingestion:
    cmd: python src/data/data_ingestion.py
    deps:
    - path: src/data/data_ingestion.py
      hash: md5
      md5: 9fe66bf2068e28123b09aacd943a1b2c
      size: 3517
    params:
      params.yaml:
        data_ingestion.test_size: 0.2
    outs:
    - path: data/raw
      hash: md5
      md5: 5de9518790c4fbb8deb950e3a5500778.dir
      size: 681342
      nfiles: 2
  data_preprocessing:
    cmd: python src/data/data_preprocessing.py
    deps:
    - path: data/raw
      hash: md5
      md5: 5de9518790c4fbb8deb950e3a5500778.dir
      size: 681342
      nfiles: 2
    - path: src/data/data_preprocessing.py
      hash: md5
      md5: a0d0986f1695b3e851d0f37dad4451b8
      size: 2909
    outs:
    - path: data/interim
      hash: md5
      md5: 2bf9d0d88a25e9b4566a91ae3e05e8c1.dir
      size: 421002
      nfiles: 2
  feature_engineering:
    cmd: python src/features/feature_engineering.py
    deps:
    - path: data/interim
      hash: md5
      md5: 2bf9d0d88a25e9b4566a91ae3e05e8c1.dir
      size: 421002
      nfiles: 2
    - path: src/features/feature_engineering.py
      hash: md5
      md5: 7cc98843fd88bcad65cda83cf4bf65c2
      size: 3581
    params:
      params.yaml:
        feature_engineering.max_features: 50
    outs:
    - path: data/models/vectorizer.pkl
      hash: md5
      md5: ed0e0fe4fcb9ce9a4f894c5e810784ca
      size: 1659
    - path: data/processed
      hash: md5
      md5: 0db88130774ff61c77030ef6af0d4328.dir
      size: 51905
      nfiles: 2
  model_building:
    cmd: python src/model/model_building.py
    deps:
    - path: data/processed
      hash: md5
      md5: 0db88130774ff61c77030ef6af0d4328.dir
      size: 51905
      nfiles: 2
    - path: src/model/model_building.py
      hash: md5
      md5: b9176f3ca2298faa6c420c27e5c17240
      size: 1997
    outs:
    - path: data/models/model.pkl
      hash: md5
      md5: ad16d4990cb1cad2ccbea47fbb07f5c4
      size: 1114
  model_evaluation:
    cmd: python src/model/model_evaluation.py
    deps:
    - path: data/models/model.pkl
      hash: md5
      md5: ad16d4990cb1cad2ccbea47fbb07f5c4
      size: 1114
    - path: src/model/model_evaluation.py
      hash: md5
      md5: 6469190e5cdfa9b2e062fbca337a9f22
      size: 5546
    outs:
    - path: reports/experiment_info.json
      hash: md5
      md5: 1b2b363024b4f38cb03e02c474e3b59b
      size: 82
    - path: reports/metrics.json
      hash: md5
      md5: 08c718b82b8ba00387edea96a9bdeed7
      size: 131
  model_registration:
    cmd: python src/model/register_model.py
    deps:
    - path: reports/experiment_info.json
      hash: md5
      md5: 1b2b363024b4f38cb03e02c474e3b59b
      size: 82
    - path: src/model/register_model.py
      hash: md5
      md5: 71b1981397fa34f2375d5754c172e0a9
      size: 3125
