schema: '2.0'
stages:
  data_ingestion:
    cmd: python src/data/data_ingestion.py
    deps:
    - path: src/data/data_ingestion.py
      hash: md5
      md5: ff7e4cc6e13d5608a7f5bb5b1a63be2e
      size: 3505
    params:
      params.yaml:
        data_ingestion.test_size: 0.25
    outs:
    - path: data/raw
      hash: md5
      md5: 48cc83768178a7fdcfeb264131b223aa.dir
      size: 681342
      nfiles: 2
  data_preprocessing:
    cmd: python src/data/data_preprocessing.py
    deps:
    - path: data/raw
      hash: md5
      md5: 48cc83768178a7fdcfeb264131b223aa.dir
      size: 681342
      nfiles: 2
    - path: src/data/data_preprocessing.py
      hash: md5
      md5: a0d0986f1695b3e851d0f37dad4451b8
      size: 2909
    outs:
    - path: data/interim
      hash: md5
      md5: aafb02f9c343d53c7eb151ad71bc909b.dir
      size: 421002
      nfiles: 2
  feature_engineering:
    cmd: python src/features/feature_engineering.py
    deps:
    - path: data/interim
      hash: md5
      md5: aafb02f9c343d53c7eb151ad71bc909b.dir
      size: 421002
      nfiles: 2
    - path: src/features/feature_engineering.py
      hash: md5
      md5: 7cc98843fd88bcad65cda83cf4bf65c2
      size: 3581
    params:
      params.yaml:
        feature_engineering.max_features: 50
    outs:
    - path: data/models/vectorizer.pkl
      hash: md5
      md5: 0e09ddabd7cfb555552f7592fd78183f
      size: 1658
    - path: data/processed
      hash: md5
      md5: 515fab06b756bf4cb46b01368699b876.dir
      size: 51905
      nfiles: 2
  model_building:
    cmd: python src/model/model_building.py
    deps:
    - path: data/processed
      hash: md5
      md5: 515fab06b756bf4cb46b01368699b876.dir
      size: 51905
      nfiles: 2
    - path: src/model/model_building.py
      hash: md5
      md5: b9176f3ca2298faa6c420c27e5c17240
      size: 1997
    outs:
    - path: data/models/model.pkl
      hash: md5
      md5: f69ec9aed070f7085533ef4ad89ea3f8
      size: 1114
  model_evaluation:
    cmd: python src/model/model_evaluation.py
    deps:
    - path: data/models/model.pkl
      hash: md5
      md5: f69ec9aed070f7085533ef4ad89ea3f8
      size: 1114
    - path: src/model/model_evaluation.py
      hash: md5
      md5: 6469190e5cdfa9b2e062fbca337a9f22
      size: 5546
    outs:
    - path: reports/experiment_info.json
      hash: md5
      md5: 9d964c9d1735db7a478533646acc73c0
      size: 82
    - path: reports/metrics.json
      hash: md5
      md5: 9a2c8b2f21e8e176262ac53410945e03
      size: 131
  model_registration:
    cmd: python src/model/register_model.py
    deps:
    - path: reports/experiment_info.json
      hash: md5
      md5: 9d964c9d1735db7a478533646acc73c0
      size: 82
    - path: src/model/register_model.py
      hash: md5
      md5: 71b1981397fa34f2375d5754c172e0a9
      size: 3125
